
Microsoft Visual Studio Solution File, Format Version 12.00
# Visual Studio Version 17
VisualStudioVersion = 17.4.33213.308
MinimumVisualStudioVersion = 10.0.40219.1
Project("{9A19103F-16F7-4668-BE54-9A1E7A4F7556}") = "CoreBackend", "CoreBackend\CoreBackend.csproj", "{655965B4-AC0E-4FB5-BE1F-AC9FFD6B023B}"
EndProject
Project("{FAE04EC0-301F-11D3-BF4B-00C04F79EFBC}") = "CoreBackend.Repositories", "CoreBackend.Repository\CoreBackend.Repositories.csproj", "{070F2896-2C07-4F62-A4B3-383EB13C8408}"
EndProject
Project("{FAE04EC0-301F-11D3-BF4B-00C04F79EFBC}") = "CoreBackend.Core", "CoreBackend.Core\CoreBackend.Core.csproj", "{D09E8AA7-8CC1-4191-87F9-EF6C10B35200}"
EndProject
Project("{FAE04EC0-301F-11D3-BF4B-00C04F79EFBC}") = "CoreBackend.Utils", "CoreBackend.Utils\CoreBackend.Utils.csproj", "{D3F510BC-8267-4947-AA5C-D9CD364A44B3}"
EndProject
Project("{FAE04EC0-301F-11D3-BF4B-00C04F79EFBC}") = "CoreBackend.Services", "CoreBackend.Services\CoreBackend.Services.csproj", "{8BABCB28-16EC-442C-B607-4C989E6259D3}"
EndProject
Global
	GlobalSection(SolutionConfigurationPlatforms) = preSolution
		Debug|Any CPU = Debug|Any CPU
		Release|Any CPU = Release|Any CPU
	EndGlobalSection
	GlobalSection(ProjectConfigurationPlatforms) = postSolution
		{655965B4-AC0E-4FB5-BE1F-AC9FFD6B023B}.Debug|Any CPU.ActiveCfg = Debug|Any CPU
		{655965B4-AC0E-4FB5-BE1F-AC9FFD6B023B}.Debug|Any CPU.Build.0 = Debug|Any CPU
		{655965B4-AC0E-4FB5-BE1F-AC9FFD6B023B}.Release|Any CPU.ActiveCfg = Release|Any CPU
		{655965B4-AC0E-4FB5-BE1F-AC9FFD6B023B}.Release|Any CPU.Build.0 = Release|Any CPU
		{070F2896-2C07-4F62-A4B3-383EB13C8408}.Debug|Any CPU.ActiveCfg = Debug|Any CPU
		{070F2896-2C07-4F62-A4B3-383EB13C8408}.Debug|Any CPU.Build.0 = Debug|Any CPU
		{070F2896-2C07-4F62-A4B3-383EB13C8408}.Release|Any CPU.ActiveCfg = Release|Any CPU
		{070F2896-2C07-4F62-A4B3-383EB13C8408}.Release|Any CPU.Build.0 = Release|Any CPU
		{D09E8AA7-8CC1-4191-87F9-EF6C10B35200}.Debug|Any CPU.ActiveCfg = Debug|Any CPU
		{D09E8AA7-8CC1-4191-87F9-EF6C10B35200}.Debug|Any CPU.Build.0 = Debug|Any CPU
		{D09E8AA7-8CC1-4191-87F9-EF6C10B35200}.Release|Any CPU.ActiveCfg = Release|Any CPU
		{D09E8AA7-8CC1-4191-87F9-EF6C10B35200}.Release|Any CPU.Build.0 = Release|Any CPU
		{D3F510BC-8267-4947-AA5C-D9CD364A44B3}.Debug|Any CPU.ActiveCfg = Debug|Any CPU
		{D3F510BC-8267-4947-AA5C-D9CD364A44B3}.Debug|Any CPU.Build.0 = Debug|Any CPU
		{D3F510BC-8267-4947-AA5C-D9CD364A44B3}.Release|Any CPU.ActiveCfg = Release|Any CPU
		{D3F510BC-8267-4947-AA5C-D9CD364A44B3}.Release|Any CPU.Build.0 = Release|Any CPU
		{8BABCB28-16EC-442C-B607-4C989E6259D3}.Debug|Any CPU.ActiveCfg = Debug|Any CPU
		{8BABCB28-16EC-442C-B607-4C989E6259D3}.Debug|Any CPU.Build.0 = Debug|Any CPU
		{8BABCB28-16EC-442C-B607-4C989E6259D3}.Release|Any CPU.ActiveCfg = Release|Any CPU
		{8BABCB28-16EC-442C-B607-4C989E6259D3}.Release|Any CPU.Build.0 = Release|Any CPU
	EndGlobalSection
	GlobalSection(SolutionProperties) = preSolution
		HideSolutionNode = FALSE
	EndGlobalSection
	GlobalSection(ExtensibilityGlobals) = postSolution
		SolutionGuid = {FB7ABDC2-6499-4979-9F67-7D431A48990D}
	EndGlobalSection
EndGlobal
